
Microsoft Visual Studio Solution File, Format Version 12.00
# Visual Studio Version 17
VisualStudioVersion = 17.8.34330.188
MinimumVisualStudioVersion = 10.0.40219.1
Project("{FAE04EC0-301F-11D3-BF4B-00C04F79EFBC}") = "WebAppTwo", "WebAppTwo\WebAppTwo.csproj", "{0588F600-DD0B-45F5-8CDC-05E9013EB34B}"
EndProject
Global
	GlobalSection(SolutionConfigurationPlatforms) = preSolution
		Debug|Any CPU = Debug|Any CPU
		Release|Any CPU = Release|Any CPU
	EndGlobalSection
	GlobalSection(ProjectConfigurationPlatforms) = postSolution
		{0588F600-DD0B-45F5-8CDC-05E9013EB34B}.Debug|Any CPU.ActiveCfg = Debug|Any CPU
		{0588F600-DD0B-45F5-8CDC-05E9013EB34B}.Debug|Any CPU.Build.0 = Debug|Any CPU
		{0588F600-DD0B-45F5-8CDC-05E9013EB34B}.Release|Any CPU.ActiveCfg = Release|Any CPU
		{0588F600-DD0B-45F5-8CDC-05E9013EB34B}.Release|Any CPU.Build.0 = Release|Any CPU
	EndGlobalSection
	GlobalSection(SolutionProperties) = preSolution
		HideSolutionNode = FALSE
	EndGlobalSection
	GlobalSection(ExtensibilityGlobals) = postSolution
		SolutionGuid = {3118284D-03B2-4340-A8F4-38E9D1675D56}
	EndGlobalSection
EndGlobal
